
Microsoft Visual Studio Solution File, Format Version 12.00
# Visual Studio 14
VisualStudioVersion = 14.0.25420.1
MinimumVisualStudioVersion = 10.0.40219.1
Project("{FAE04EC0-301F-11D3-BF4B-00C04F79EFBC}") = "ImoEstudante", "imoEstudante\ImoEstudante.csproj", "{20DB73BD-35A8-4489-838D-A3B6874A0F77}"
EndProject
Project("{FAE04EC0-301F-11D3-BF4B-00C04F79EFBC}") = "ImoEstudanteBL", "ImoEstudanteBL\ImoEstudanteBL.csproj", "{24857250-423C-461A-BFE3-0FF2B13F1D4C}"
EndProject
Project("{FAE04EC0-301F-11D3-BF4B-00C04F79EFBC}") = "ImoEstudanteDL", "ImoEstudanteDL\ImoEstudanteDL.csproj", "{59CBCBFA-7625-4CFD-B199-BDCECF2DC768}"
EndProject
Project("{FAE04EC0-301F-11D3-BF4B-00C04F79EFBC}") = "ImoEstudantePL", "ImoEstudantePL\ImoEstudantePL.csproj", "{70FC92AA-EAE2-4B15-A19F-C3928A8ED933}"
EndProject
Project("{FAE04EC0-301F-11D3-BF4B-00C04F79EFBC}") = "ImoEstudantePLMetroUi", "ImoEstudantePLMetroUi\ImoEstudantePLMetroUi.csproj", "{7ECD2D0E-A916-49FE-91AC-06A7AF0C74C2}"
EndProject
Global
	GlobalSection(SolutionConfigurationPlatforms) = preSolution
		Debug|Any CPU = Debug|Any CPU
		Debug|ARM = Debug|ARM
		Debug|x64 = Debug|x64
		Debug|x86 = Debug|x86
		Release|Any CPU = Release|Any CPU
		Release|ARM = Release|ARM
		Release|x64 = Release|x64
		Release|x86 = Release|x86
	EndGlobalSection
	GlobalSection(ProjectConfigurationPlatforms) = postSolution
		{20DB73BD-35A8-4489-838D-A3B6874A0F77}.Debug|Any CPU.ActiveCfg = Debug|Any CPU
		{20DB73BD-35A8-4489-838D-A3B6874A0F77}.Debug|Any CPU.Build.0 = Debug|Any CPU
		{20DB73BD-35A8-4489-838D-A3B6874A0F77}.Debug|ARM.ActiveCfg = Debug|Any CPU
		{20DB73BD-35A8-4489-838D-A3B6874A0F77}.Debug|ARM.Build.0 = Debug|Any CPU
		{20DB73BD-35A8-4489-838D-A3B6874A0F77}.Debug|x64.ActiveCfg = Debug|Any CPU
		{20DB73BD-35A8-4489-838D-A3B6874A0F77}.Debug|x64.Build.0 = Debug|Any CPU
		{20DB73BD-35A8-4489-838D-A3B6874A0F77}.Debug|x86.ActiveCfg = Debug|Any CPU
		{20DB73BD-35A8-4489-838D-A3B6874A0F77}.Debug|x86.Build.0 = Debug|Any CPU
		{20DB73BD-35A8-4489-838D-A3B6874A0F77}.Release|Any CPU.ActiveCfg = Release|Any CPU
		{20DB73BD-35A8-4489-838D-A3B6874A0F77}.Release|Any CPU.Build.0 = Release|Any CPU
		{20DB73BD-35A8-4489-838D-A3B6874A0F77}.Release|ARM.ActiveCfg = Release|Any CPU
		{20DB73BD-35A8-4489-838D-A3B6874A0F77}.Release|ARM.Build.0 = Release|Any CPU
		{20DB73BD-35A8-4489-838D-A3B6874A0F77}.Release|x64.ActiveCfg = Release|Any CPU
		{20DB73BD-35A8-4489-838D-A3B6874A0F77}.Release|x64.Build.0 = Release|Any CPU
		{20DB73BD-35A8-4489-838D-A3B6874A0F77}.Release|x86.ActiveCfg = Release|Any CPU
		{20DB73BD-35A8-4489-838D-A3B6874A0F77}.Release|x86.Build.0 = Release|Any CPU
		{24857250-423C-461A-BFE3-0FF2B13F1D4C}.Debug|Any CPU.ActiveCfg = Debug|Any CPU
		{24857250-423C-461A-BFE3-0FF2B13F1D4C}.Debug|Any CPU.Build.0 = Debug|Any CPU
		{24857250-423C-461A-BFE3-0FF2B13F1D4C}.Debug|ARM.ActiveCfg = Debug|Any CPU
		{24857250-423C-461A-BFE3-0FF2B13F1D4C}.Debug|ARM.Build.0 = Debug|Any CPU
		{24857250-423C-461A-BFE3-0FF2B13F1D4C}.Debug|x64.ActiveCfg = Debug|Any CPU
		{24857250-423C-461A-BFE3-0FF2B13F1D4C}.Debug|x64.Build.0 = Debug|Any CPU
		{24857250-423C-461A-BFE3-0FF2B13F1D4C}.Debug|x86.ActiveCfg = Debug|Any CPU
		{24857250-423C-461A-BFE3-0FF2B13F1D4C}.Debug|x86.Build.0 = Debug|Any CPU
		{24857250-423C-461A-BFE3-0FF2B13F1D4C}.Release|Any CPU.ActiveCfg = Release|Any CPU
		{24857250-423C-461A-BFE3-0FF2B13F1D4C}.Release|Any CPU.Build.0 = Release|Any CPU
		{24857250-423C-461A-BFE3-0FF2B13F1D4C}.Release|ARM.ActiveCfg = Release|Any CPU
		{24857250-423C-461A-BFE3-0FF2B13F1D4C}.Release|ARM.Build.0 = Release|Any CPU
		{24857250-423C-461A-BFE3-0FF2B13F1D4C}.Release|x64.ActiveCfg = Release|Any CPU
		{24857250-423C-461A-BFE3-0FF2B13F1D4C}.Release|x64.Build.0 = Release|Any CPU
		{24857250-423C-461A-BFE3-0FF2B13F1D4C}.Release|x86.ActiveCfg = Release|Any CPU
		{24857250-423C-461A-BFE3-0FF2B13F1D4C}.Release|x86.Build.0 = Release|Any CPU
		{59CBCBFA-7625-4CFD-B199-BDCECF2DC768}.Debug|Any CPU.ActiveCfg = Debug|Any CPU
		{59CBCBFA-7625-4CFD-B199-BDCECF2DC768}.Debug|Any CPU.Build.0 = Debug|Any CPU
		{59CBCBFA-7625-4CFD-B199-BDCECF2DC768}.Debug|ARM.ActiveCfg = Debug|Any CPU
		{59CBCBFA-7625-4CFD-B199-BDCECF2DC768}.Debug|ARM.Build.0 = Debug|Any CPU
		{59CBCBFA-7625-4CFD-B199-BDCECF2DC768}.Debug|x64.ActiveCfg = Debug|Any CPU
		{59CBCBFA-7625-4CFD-B199-BDCECF2DC768}.Debug|x64.Build.0 = Debug|Any CPU
		{59CBCBFA-7625-4CFD-B199-BDCECF2DC768}.Debug|x86.ActiveCfg = Debug|Any CPU
		{59CBCBFA-7625-4CFD-B199-BDCECF2DC768}.Debug|x86.Build.0 = Debug|Any CPU
		{59CBCBFA-7625-4CFD-B199-BDCECF2DC768}.Release|Any CPU.ActiveCfg = Release|Any CPU
		{59CBCBFA-7625-4CFD-B199-BDCECF2DC768}.Release|Any CPU.Build.0 = Release|Any CPU
		{59CBCBFA-7625-4CFD-B199-BDCECF2DC768}.Release|ARM.ActiveCfg = Release|Any CPU
		{59CBCBFA-7625-4CFD-B199-BDCECF2DC768}.Release|ARM.Build.0 = Release|Any CPU
		{59CBCBFA-7625-4CFD-B199-BDCECF2DC768}.Release|x64.ActiveCfg = Release|Any CPU
		{59CBCBFA-7625-4CFD-B199-BDCECF2DC768}.Release|x64.Build.0 = Release|Any CPU
		{59CBCBFA-7625-4CFD-B199-BDCECF2DC768}.Release|x86.ActiveCfg = Release|Any CPU
		{59CBCBFA-7625-4CFD-B199-BDCECF2DC768}.Release|x86.Build.0 = Release|Any CPU
		{70FC92AA-EAE2-4B15-A19F-C3928A8ED933}.Debug|Any CPU.ActiveCfg = Debug|x86
		{70FC92AA-EAE2-4B15-A19F-C3928A8ED933}.Debug|ARM.ActiveCfg = Debug|ARM
		{70FC92AA-EAE2-4B15-A19F-C3928A8ED933}.Debug|ARM.Build.0 = Debug|ARM
		{70FC92AA-EAE2-4B15-A19F-C3928A8ED933}.Debug|ARM.Deploy.0 = Debug|ARM
		{70FC92AA-EAE2-4B15-A19F-C3928A8ED933}.Debug|x64.ActiveCfg = Debug|x64
		{70FC92AA-EAE2-4B15-A19F-C3928A8ED933}.Debug|x64.Build.0 = Debug|x64
		{70FC92AA-EAE2-4B15-A19F-C3928A8ED933}.Debug|x64.Deploy.0 = Debug|x64
		{70FC92AA-EAE2-4B15-A19F-C3928A8ED933}.Debug|x86.ActiveCfg = Debug|x86
		{70FC92AA-EAE2-4B15-A19F-C3928A8ED933}.Debug|x86.Build.0 = Debug|x86
		{70FC92AA-EAE2-4B15-A19F-C3928A8ED933}.Debug|x86.Deploy.0 = Debug|x86
		{70FC92AA-EAE2-4B15-A19F-C3928A8ED933}.Release|Any CPU.ActiveCfg = Release|x86
		{70FC92AA-EAE2-4B15-A19F-C3928A8ED933}.Release|ARM.ActiveCfg = Release|ARM
		{70FC92AA-EAE2-4B15-A19F-C3928A8ED933}.Release|ARM.Build.0 = Release|ARM
		{70FC92AA-EAE2-4B15-A19F-C3928A8ED933}.Release|ARM.Deploy.0 = Release|ARM
		{70FC92AA-EAE2-4B15-A19F-C3928A8ED933}.Release|x64.ActiveCfg = Release|x64
		{70FC92AA-EAE2-4B15-A19F-C3928A8ED933}.Release|x64.Build.0 = Release|x64
		{70FC92AA-EAE2-4B15-A19F-C3928A8ED933}.Release|x64.Deploy.0 = Release|x64
		{70FC92AA-EAE2-4B15-A19F-C3928A8ED933}.Release|x86.ActiveCfg = Release|x86
		{70FC92AA-EAE2-4B15-A19F-C3928A8ED933}.Release|x86.Build.0 = Release|x86
		{70FC92AA-EAE2-4B15-A19F-C3928A8ED933}.Release|x86.Deploy.0 = Release|x86
		{7ECD2D0E-A916-49FE-91AC-06A7AF0C74C2}.Debug|Any CPU.ActiveCfg = Debug|Any CPU
		{7ECD2D0E-A916-49FE-91AC-06A7AF0C74C2}.Debug|Any CPU.Build.0 = Debug|Any CPU
		{7ECD2D0E-A916-49FE-91AC-06A7AF0C74C2}.Debug|ARM.ActiveCfg = Debug|Any CPU
		{7ECD2D0E-A916-49FE-91AC-06A7AF0C74C2}.Debug|ARM.Build.0 = Debug|Any CPU
		{7ECD2D0E-A916-49FE-91AC-06A7AF0C74C2}.Debug|x64.ActiveCfg = Debug|Any CPU
		{7ECD2D0E-A916-49FE-91AC-06A7AF0C74C2}.Debug|x64.Build.0 = Debug|Any CPU
		{7ECD2D0E-A916-49FE-91AC-06A7AF0C74C2}.Debug|x86.ActiveCfg = Debug|Any CPU
		{7ECD2D0E-A916-49FE-91AC-06A7AF0C74C2}.Debug|x86.Build.0 = Debug|Any CPU
		{7ECD2D0E-A916-49FE-91AC-06A7AF0C74C2}.Release|Any CPU.ActiveCfg = Release|Any CPU
		{7ECD2D0E-A916-49FE-91AC-06A7AF0C74C2}.Release|Any CPU.Build.0 = Release|Any CPU
		{7ECD2D0E-A916-49FE-91AC-06A7AF0C74C2}.Release|ARM.ActiveCfg = Release|Any CPU
		{7ECD2D0E-A916-49FE-91AC-06A7AF0C74C2}.Release|ARM.Build.0 = Release|Any CPU
		{7ECD2D0E-A916-49FE-91AC-06A7AF0C74C2}.Release|x64.ActiveCfg = Release|Any CPU
		{7ECD2D0E-A916-49FE-91AC-06A7AF0C74C2}.Release|x64.Build.0 = Release|Any CPU
		{7ECD2D0E-A916-49FE-91AC-06A7AF0C74C2}.Release|x86.ActiveCfg = Release|Any CPU
		{7ECD2D0E-A916-49FE-91AC-06A7AF0C74C2}.Release|x86.Build.0 = Release|Any CPU
	EndGlobalSection
	GlobalSection(SolutionProperties) = preSolution
		HideSolutionNode = FALSE
	EndGlobalSection
EndGlobal
